
Microsoft Visual Studio Solution File, Format Version 12.00
# Visual Studio Version 16
VisualStudioVersion = 16.0.30128.74
MinimumVisualStudioVersion = 10.0.40219.1
Project("{FAE04EC0-301F-11D3-BF4B-00C04F79EFBC}") = "Assignment_4", "Assignment_4\Assignment_4.csproj", "{BC2AB0F8-DB41-429F-93B3-8CCCF4751828}"
EndProject
Global
	GlobalSection(SolutionConfigurationPlatforms) = preSolution
		Debug|Any CPU = Debug|Any CPU
		Release|Any CPU = Release|Any CPU
	EndGlobalSection
	GlobalSection(ProjectConfigurationPlatforms) = postSolution
		{BC2AB0F8-DB41-429F-93B3-8CCCF4751828}.Debug|Any CPU.ActiveCfg = Debug|Any CPU
		{BC2AB0F8-DB41-429F-93B3-8CCCF4751828}.Debug|Any CPU.Build.0 = Debug|Any CPU
		{BC2AB0F8-DB41-429F-93B3-8CCCF4751828}.Release|Any CPU.ActiveCfg = Release|Any CPU
		{BC2AB0F8-DB41-429F-93B3-8CCCF4751828}.Release|Any CPU.Build.0 = Release|Any CPU
	EndGlobalSection
	GlobalSection(SolutionProperties) = preSolution
		HideSolutionNode = FALSE
	EndGlobalSection
	GlobalSection(ExtensibilityGlobals) = postSolution
		SolutionGuid = {62A1E455-CB65-4321-B24F-F96A4A1BAD22}
	EndGlobalSection
EndGlobal
